# This file is automatically @generated by Cargo.
# It is not intended for manual editing.
version = 3

[[package]]
name = "fluent"
version = "0.1.0"

[[package]]
name = "fluent"
version = "0.1.0"
source = "git+https://github.com/shipsimfan/lib-i18n#aec9b61084e1d38b9363a0d4dddd2ef9802e54cd"

[[package]]
name = "fluent-macro"
version = "0.1.0"
dependencies = [
 "fluent 0.1.0",
 "proc-macro-util",
]

[[package]]
name = "i18n"
version = "0.1.0"
dependencies = [
 "fluent 0.1.0",
 "fluent-macro",
 "win32",
]

[[package]]
name = "i18n"
version = "0.1.0"
source = "git+https://github.com/shipsimfan/lib-i18n#aec9b61084e1d38b9363a0d4dddd2ef9802e54cd"
dependencies = [
 "fluent 0.1.0 (git+https://github.com/shipsimfan/lib-i18n)",
 "win32",
]

[[package]]
name = "proc-macro-util"
version = "0.1.0"
source = "git+https://github.com/shipsimfan/lib-proc-macro-util#7ee05121751b96f2f0a48e94d38e486d0a9748ca"
dependencies = [
 "proc-macro-util-base",
 "proc-macro-util-macros",
]

[[package]]
name = "proc-macro-util-base"
version = "0.1.0"
source = "git+https://github.com/shipsimfan/lib-proc-macro-util#7ee05121751b96f2f0a48e94d38e486d0a9748ca"
dependencies = [
 "i18n 0.1.0 (git+https://github.com/shipsimfan/lib-i18n)",
]

[[package]]
name = "proc-macro-util-macros"
version = "0.1.0"
source = "git+https://github.com/shipsimfan/lib-proc-macro-util#7ee05121751b96f2f0a48e94d38e486d0a9748ca"
dependencies = [
 "i18n 0.1.0 (git+https://github.com/shipsimfan/lib-i18n)",
 "proc-macro-util-base",
]

[[package]]
name = "win32"
version = "0.1.0"
source = "git+https://github.com/shipsimfan/lib-win32#1db71261095f20b7f8dc26d4f2bf083d4dffcb35"
