# This file is automatically @generated by Cargo.
# It is not intended for manual editing.
version = 3

[[package]]
name = "i18n"
version = "0.1.0"
dependencies = [
 "i18n-fluent 0.1.0",
 "i18n-fluent-macro",
 "i18n-locale 0.1.0",
 "i18n-translation 0.1.0",
]

[[package]]
name = "i18n"
version = "0.1.0"
source = "git+https://github.com/shipsimfan/lib-i18n#faab1bd8152249db778cc0322a8c946abf905516"
dependencies = [
 "i18n-fluent 0.1.0 (git+https://github.com/shipsimfan/lib-i18n)",
 "i18n-locale 0.1.0 (git+https://github.com/shipsimfan/lib-i18n)",
 "i18n-translation 0.1.0 (git+https://github.com/shipsimfan/lib-i18n)",
]

[[package]]
name = "i18n-fluent"
version = "0.1.0"

[[package]]
name = "i18n-fluent"
version = "0.1.0"
source = "git+https://github.com/shipsimfan/lib-i18n#faab1bd8152249db778cc0322a8c946abf905516"

[[package]]
name = "i18n-fluent-macro"
version = "0.1.0"
dependencies = [
 "i18n-fluent 0.1.0",
 "i18n-locale 0.1.0",
 "proc-macro-util",
]

[[package]]
name = "i18n-locale"
version = "0.1.0"
dependencies = [
 "win32",
]

[[package]]
name = "i18n-locale"
version = "0.1.0"
source = "git+https://github.com/shipsimfan/lib-i18n#faab1bd8152249db778cc0322a8c946abf905516"
dependencies = [
 "win32",
]

[[package]]
name = "i18n-translation"
version = "0.1.0"
dependencies = [
 "i18n-locale 0.1.0",
]

[[package]]
name = "i18n-translation"
version = "0.1.0"
source = "git+https://github.com/shipsimfan/lib-i18n#faab1bd8152249db778cc0322a8c946abf905516"
dependencies = [
 "i18n-locale 0.1.0 (git+https://github.com/shipsimfan/lib-i18n)",
]

[[package]]
name = "proc-macro-util"
version = "0.1.0"
source = "git+https://github.com/shipsimfan/lib-proc-macro-util#c12efd168ab0dbf18b069784dc273b1e7cd19406"
dependencies = [
 "proc-macro-util-base",
 "proc-macro-util-macros",
]

[[package]]
name = "proc-macro-util-base"
version = "0.1.0"
source = "git+https://github.com/shipsimfan/lib-proc-macro-util#c12efd168ab0dbf18b069784dc273b1e7cd19406"
dependencies = [
 "i18n 0.1.0 (git+https://github.com/shipsimfan/lib-i18n)",
]

[[package]]
name = "proc-macro-util-macros"
version = "0.1.0"
source = "git+https://github.com/shipsimfan/lib-proc-macro-util#c12efd168ab0dbf18b069784dc273b1e7cd19406"
dependencies = [
 "i18n 0.1.0 (git+https://github.com/shipsimfan/lib-i18n)",
 "proc-macro-util-base",
]

[[package]]
name = "win32"
version = "0.1.0"
source = "git+https://github.com/shipsimfan/lib-win32#1db71261095f20b7f8dc26d4f2bf083d4dffcb35"
