# This file is automatically @generated by Cargo.
# It is not intended for manual editing.
version = 4

[[package]]
name = "i18n"
version = "0.1.0"
dependencies = [
 "i18n-fluent",
 "i18n-fluent-macro",
 "i18n-locale 0.1.0",
 "i18n-translation 0.1.0",
]

[[package]]
name = "i18n-fluent"
version = "0.1.0"

[[package]]
name = "i18n-fluent-macro"
version = "0.1.0"
dependencies = [
 "i18n-fluent",
 "i18n-locale 0.1.0",
 "proc-macro-util",
]

[[package]]
name = "i18n-locale"
version = "0.1.0"
dependencies = [
 "win32",
]

[[package]]
name = "i18n-locale"
version = "0.1.0"
source = "git+https://github.com/shipsimfan/lib-i18n#481851a2ff9bddffacee4700f32a9916acd2f44c"
dependencies = [
 "win32",
]

[[package]]
name = "i18n-translation"
version = "0.1.0"
dependencies = [
 "i18n-locale 0.1.0",
]

[[package]]
name = "i18n-translation"
version = "0.1.0"
source = "git+https://github.com/shipsimfan/lib-i18n#481851a2ff9bddffacee4700f32a9916acd2f44c"
dependencies = [
 "i18n-locale 0.1.0 (git+https://github.com/shipsimfan/lib-i18n)",
]

[[package]]
name = "proc-macro-util"
version = "0.1.0"
source = "git+https://github.com/shipsimfan/lib-proc-macro-util#d5278ec909ee949034c145c793a1f0616c012b0c"
dependencies = [
 "proc-macro-util-base",
 "proc-macro-util-macros",
]

[[package]]
name = "proc-macro-util-base"
version = "0.1.0"
source = "git+https://github.com/shipsimfan/lib-proc-macro-util#d5278ec909ee949034c145c793a1f0616c012b0c"
dependencies = [
 "i18n-translation 0.1.0 (git+https://github.com/shipsimfan/lib-i18n)",
]

[[package]]
name = "proc-macro-util-macros"
version = "0.1.0"
source = "git+https://github.com/shipsimfan/lib-proc-macro-util#d5278ec909ee949034c145c793a1f0616c012b0c"
dependencies = [
 "i18n-translation 0.1.0 (git+https://github.com/shipsimfan/lib-i18n)",
 "proc-macro-util-base",
]

[[package]]
name = "win32"
version = "0.1.0"
source = "git+https://github.com/shipsimfan/lib-win32#5a02e6e46a5a4d750527c553f2747d375f48a7cf"
